{
  "originHash" : "436116a3848388f9665b36a863403448b9204d92a844cd33b180e09fd857f1a4",
  "pins" : [
    {
      "identity" : "moonshine-swift",
      "kind" : "remoteSourceControl",
      "location" : "https://github.com/moonshine-ai/moonshine-swift.git",
      "state" : {
        "branch" : "main",
        "revision" : "42a866965475c4e4b75fb4b5fbc50638dc4307b0"
      }
    }
  ],
  "version" : 3
}
